
Microsoft Visual Studio Solution File, Format Version 12.00
# Visual Studio Version 17
VisualStudioVersion = 17.9.34714.143
MinimumVisualStudioVersion = 10.0.40219.1
Project("{FAE04EC0-301F-11D3-BF4B-00C04F79EFBC}") = "MinProject", "MinProject\MinProject.csproj", "{BCA39C66-BE86-4768-8227-E39714C9B5C8}"
EndProject
Global
	GlobalSection(SolutionConfigurationPlatforms) = preSolution
		Debug|Any CPU = Debug|Any CPU
		Release|Any CPU = Release|Any CPU
	EndGlobalSection
	GlobalSection(ProjectConfigurationPlatforms) = postSolution
		{BCA39C66-BE86-4768-8227-E39714C9B5C8}.Debug|Any CPU.ActiveCfg = Debug|Any CPU
		{BCA39C66-BE86-4768-8227-E39714C9B5C8}.Debug|Any CPU.Build.0 = Debug|Any CPU
		{BCA39C66-BE86-4768-8227-E39714C9B5C8}.Release|Any CPU.ActiveCfg = Release|Any CPU
		{BCA39C66-BE86-4768-8227-E39714C9B5C8}.Release|Any CPU.Build.0 = Release|Any CPU
	EndGlobalSection
	GlobalSection(SolutionProperties) = preSolution
		HideSolutionNode = FALSE
	EndGlobalSection
	GlobalSection(ExtensibilityGlobals) = postSolution
		SolutionGuid = {C4E94FD5-6E68-431A-BE47-F004FEDB9699}
	EndGlobalSection
EndGlobal
